// !$*UTF8*$!
{
	archiveVersion = 1;
	classes = {
	};
	objectVersion = 56;
	objects = {

/* Begin PBXBuildFile section */
		E048B3BF2901449D00E8C885 /* AppDelegate.swift in Sources */ = {isa = PBXBuildFile; fileRef = E048B3BE2901449D00E8C885 /* AppDelegate.swift */; };
		E048B3C12901449D00E8C885 /* SceneDelegate.swift in Sources */ = {isa = PBXBuildFile; fileRef = E048B3C02901449D00E8C885 /* SceneDelegate.swift */; };
		E048B3C32901449D00E8C885 /* ViewController.swift in Sources */ = {isa = PBXBuildFile; fileRef = E048B3C22901449D00E8C885 /* ViewController.swift */; };
		E048B3C62901449D00E8C885 /* Main.storyboard in Resources */ = {isa = PBXBuildFile; fileRef = E048B3C42901449D00E8C885 /* Main.storyboard */; };
		E048B3C82901449E00E8C885 /* Assets.xcassets in Resources */ = {isa = PBXBuildFile; fileRef = E048B3C72901449E00E8C885 /* Assets.xcassets */; };
		E048B3CB2901449E00E8C885 /* LaunchScreen.storyboard in Resources */ = {isa = PBXBuildFile; fileRef = E048B3C92901449E00E8C885 /* LaunchScreen.storyboard */; };
		E048B3D9290145C700E8C885 /* UILabel+Ext.swift in Sources */ = {isa = PBXBuildFile; fileRef = E048B3D3290145C700E8C885 /* UILabel+Ext.swift */; };
		E048B3DA290145C700E8C885 /* UITextField+Ext.swift in Sources */ = {isa = PBXBuildFile; fileRef = E048B3D4290145C700E8C885 /* UITextField+Ext.swift */; };
		E048B3DB290145C700E8C885 /* UIFont+Ext.swift in Sources */ = {isa = PBXBuildFile; fileRef = E048B3D5290145C700E8C885 /* UIFont+Ext.swift */; };
		E048B3DC290145C700E8C885 /* UIViewController+Ext.swift in Sources */ = {isa = PBXBuildFile; fileRef = E048B3D6290145C700E8C885 /* UIViewController+Ext.swift */; };
		E048B3DD290145C700E8C885 /* Int+Ext.swift in Sources */ = {isa = PBXBuildFile; fileRef = E048B3D7290145C700E8C885 /* Int+Ext.swift */; };
		E048B3DE290145C700E8C885 /* UIView+Ext.swift in Sources */ = {isa = PBXBuildFile; fileRef = E048B3D8290145C700E8C885 /* UIView+Ext.swift */; };
		E048B3E12901487800E8C885 /* RxCocoa in Frameworks */ = {isa = PBXBuildFile; productRef = E048B3E02901487800E8C885 /* RxCocoa */; };
		E048B3E32901487800E8C885 /* RxRelay in Frameworks */ = {isa = PBXBuildFile; productRef = E048B3E22901487800E8C885 /* RxRelay */; };
		E048B3E52901487800E8C885 /* RxSwift in Frameworks */ = {isa = PBXBuildFile; productRef = E048B3E42901487800E8C885 /* RxSwift */; };
		F29F7A9D29016FB1002B8527 /* CalculatorVM.swift in Sources */ = {isa = PBXBuildFile; fileRef = F29F7A9C29016FB0002B8527 /* CalculatorVM.swift */; };
/* End PBXBuildFile section */

/* Begin PBXFileReference section */
		E048B3BB2901449D00E8C885 /* Rx_MVVM_Calculator.app */ = {isa = PBXFileReference; explicitFileType = wrapper.application; includeInIndex = 0; path = Rx_MVVM_Calculator.app; sourceTree = BUILT_PRODUCTS_DIR; };
		E048B3BE2901449D00E8C885 /* AppDelegate.swift */ = {isa = PBXFileReference; lastKnownFileType = sourcecode.swift; path = AppDelegate.swift; sourceTree = "<group>"; };
		E048B3C02901449D00E8C885 /* SceneDelegate.swift */ = {isa = PBXFileReference; lastKnownFileType = sourcecode.swift; path = SceneDelegate.swift; sourceTree = "<group>"; };
		E048B3C22901449D00E8C885 /* ViewController.swift */ = {isa = PBXFileReference; lastKnownFileType = sourcecode.swift; path = ViewController.swift; sourceTree = "<group>"; };
		E048B3C52901449D00E8C885 /* Base */ = {isa = PBXFileReference; lastKnownFileType = file.storyboard; name = Base; path = Base.lproj/Main.storyboard; sourceTree = "<group>"; };
		E048B3C72901449E00E8C885 /* Assets.xcassets */ = {isa = PBXFileReference; lastKnownFileType = folder.assetcatalog; path = Assets.xcassets; sourceTree = "<group>"; };
		E048B3CA2901449E00E8C885 /* Base */ = {isa = PBXFileReference; lastKnownFileType = file.storyboard; name = Base; path = Base.lproj/LaunchScreen.storyboard; sourceTree = "<group>"; };
		E048B3CC2901449E00E8C885 /* Info.plist */ = {isa = PBXFileReference; lastKnownFileType = text.plist.xml; path = Info.plist; sourceTree = "<group>"; };
		E048B3D3290145C700E8C885 /* UILabel+Ext.swift */ = {isa = PBXFileReference; fileEncoding = 4; lastKnownFileType = sourcecode.swift; path = "UILabel+Ext.swift"; sourceTree = "<group>"; };
		E048B3D4290145C700E8C885 /* UITextField+Ext.swift */ = {isa = PBXFileReference; fileEncoding = 4; lastKnownFileType = sourcecode.swift; path = "UITextField+Ext.swift"; sourceTree = "<group>"; };
		E048B3D5290145C700E8C885 /* UIFont+Ext.swift */ = {isa = PBXFileReference; fileEncoding = 4; lastKnownFileType = sourcecode.swift; path = "UIFont+Ext.swift"; sourceTree = "<group>"; };
		E048B3D6290145C700E8C885 /* UIViewController+Ext.swift */ = {isa = PBXFileReference; fileEncoding = 4; lastKnownFileType = sourcecode.swift; path = "UIViewController+Ext.swift"; sourceTree = "<group>"; };
		E048B3D7290145C700E8C885 /* Int+Ext.swift */ = {isa = PBXFileReference; fileEncoding = 4; lastKnownFileType = sourcecode.swift; path = "Int+Ext.swift"; sourceTree = "<group>"; };
		E048B3D8290145C700E8C885 /* UIView+Ext.swift */ = {isa = PBXFileReference; fileEncoding = 4; lastKnownFileType = sourcecode.swift; path = "UIView+Ext.swift"; sourceTree = "<group>"; };
		F29F7A9C29016FB0002B8527 /* CalculatorVM.swift */ = {isa = PBXFileReference; lastKnownFileType = sourcecode.swift; path = CalculatorVM.swift; sourceTree = "<group>"; };
/* End PBXFileReference section */

/* Begin PBXFrameworksBuildPhase section */
		E048B3B82901449D00E8C885 /* Frameworks */ = {
			isa = PBXFrameworksBuildPhase;
			buildActionMask = 2147483647;
			files = (
				E048B3E52901487800E8C885 /* RxSwift in Frameworks */,
				E048B3E32901487800E8C885 /* RxRelay in Frameworks */,
				E048B3E12901487800E8C885 /* RxCocoa in Frameworks */,
			);
			runOnlyForDeploymentPostprocessing = 0;
		};
/* End PBXFrameworksBuildPhase section */

/* Begin PBXGroup section */
		E048B3B22901449D00E8C885 = {
			isa = PBXGroup;
			children = (
				E048B3BD2901449D00E8C885 /* Rx_MVVM_Calculator */,
				E048B3BC2901449D00E8C885 /* Products */,
			);
			sourceTree = "<group>";
		};
		E048B3BC2901449D00E8C885 /* Products */ = {
			isa = PBXGroup;
			children = (
				E048B3BB2901449D00E8C885 /* Rx_MVVM_Calculator.app */,
			);
			name = Products;
			sourceTree = "<group>";
		};
		E048B3BD2901449D00E8C885 /* Rx_MVVM_Calculator */ = {
			isa = PBXGroup;
			children = (
				E048B3D2290145B600E8C885 /* Ext */,
				E048B3BE2901449D00E8C885 /* AppDelegate.swift */,
				E048B3C02901449D00E8C885 /* SceneDelegate.swift */,
				E048B3C22901449D00E8C885 /* ViewController.swift */,
				F29F7A9C29016FB0002B8527 /* CalculatorVM.swift */,
				E048B3C42901449D00E8C885 /* Main.storyboard */,
				E048B3C72901449E00E8C885 /* Assets.xcassets */,
				E048B3C92901449E00E8C885 /* LaunchScreen.storyboard */,
				E048B3CC2901449E00E8C885 /* Info.plist */,
			);
			path = Rx_MVVM_Calculator;
			sourceTree = "<group>";
		};
		E048B3D2290145B600E8C885 /* Ext */ = {
			isa = PBXGroup;
			children = (
				E048B3D7290145C700E8C885 /* Int+Ext.swift */,
				E048B3D5290145C700E8C885 /* UIFont+Ext.swift */,
				E048B3D3290145C700E8C885 /* UILabel+Ext.swift */,
				E048B3D4290145C700E8C885 /* UITextField+Ext.swift */,
				E048B3D8290145C700E8C885 /* UIView+Ext.swift */,
				E048B3D6290145C700E8C885 /* UIViewController+Ext.swift */,
			);
			path = Ext;
			sourceTree = "<group>";
		};
/* End PBXGroup section */

/* Begin PBXNativeTarget section */
		E048B3BA2901449D00E8C885 /* Rx_MVVM_Calculator */ = {
			isa = PBXNativeTarget;
			buildConfigurationList = E048B3CF2901449E00E8C885 /* Build configuration list for PBXNativeTarget "Rx_MVVM_Calculator" */;
			buildPhases = (
				E048B3B72901449D00E8C885 /* Sources */,
				E048B3B82901449D00E8C885 /* Frameworks */,
				E048B3B92901449D00E8C885 /* Resources */,
			);
			buildRules = (
			);
			dependencies = (
			);
			name = Rx_MVVM_Calculator;
			packageProductDependencies = (
				E048B3E02901487800E8C885 /* RxCocoa */,
				E048B3E22901487800E8C885 /* RxRelay */,
				E048B3E42901487800E8C885 /* RxSwift */,
			);
			productName = Rx_MVVM_Calculator;
			productReference = E048B3BB2901449D00E8C885 /* Rx_MVVM_Calculator.app */;
			productType = "com.apple.product-type.application";
		};
/* End PBXNativeTarget section */

/* Begin PBXProject section */
		E048B3B32901449D00E8C885 /* Project object */ = {
			isa = PBXProject;
			attributes = {
				BuildIndependentTargetsInParallel = 1;
				LastSwiftUpdateCheck = 1400;
				LastUpgradeCheck = 1400;
				TargetAttributes = {
					E048B3BA2901449D00E8C885 = {
						CreatedOnToolsVersion = 14.0;
					};
				};
			};
			buildConfigurationList = E048B3B62901449D00E8C885 /* Build configuration list for PBXProject "Rx_MVVM_Calculator" */;
			compatibilityVersion = "Xcode 14.0";
			developmentRegion = en;
			hasScannedForEncodings = 0;
			knownRegions = (
				en,
				Base,
			);
			mainGroup = E048B3B22901449D00E8C885;
			packageReferences = (
				E048B3DF2901487800E8C885 /* XCRemoteSwiftPackageReference "RxSwift" */,
			);
			productRefGroup = E048B3BC2901449D00E8C885 /* Products */;
			projectDirPath = "";
			projectRoot = "";
			targets = (
				E048B3BA2901449D00E8C885 /* Rx_MVVM_Calculator */,
			);
		};
/* End PBXProject section */

/* Begin PBXResourcesBuildPhase section */
		E048B3B92901449D00E8C885 /* Resources */ = {
			isa = PBXResourcesBuildPhase;
			buildActionMask = 2147483647;
			files = (
				E048B3CB2901449E00E8C885 /* LaunchScreen.storyboard in Resources */,
				E048B3C82901449E00E8C885 /* Assets.xcassets in Resources */,
				E048B3C62901449D00E8C885 /* Main.storyboard in Resources */,
			);
			runOnlyForDeploymentPostprocessing = 0;
		};
/* End PBXResourcesBuildPhase section */

/* Begin PBXSourcesBuildPhase section */
		E048B3B72901449D00E8C885 /* Sources */ = {
			isa = PBXSourcesBuildPhase;
			buildActionMask = 2147483647;
			files = (
				E048B3DB290145C700E8C885 /* UIFont+Ext.swift in Sources */,
				E048B3C32901449D00E8C885 /* ViewController.swift in Sources */,
				E048B3DC290145C700E8C885 /* UIViewController+Ext.swift in Sources */,
				E048B3DA290145C700E8C885 /* UITextField+Ext.swift in Sources */,
				F29F7A9D29016FB1002B8527 /* CalculatorVM.swift in Sources */,
				E048B3BF2901449D00E8C885 /* AppDelegate.swift in Sources */,
				E048B3DE290145C700E8C885 /* UIView+Ext.swift in Sources */,
				E048B3D9290145C700E8C885 /* UILabel+Ext.swift in Sources */,
				E048B3C12901449D00E8C885 /* SceneDelegate.swift in Sources */,
				E048B3DD290145C700E8C885 /* Int+Ext.swift in Sources */,
			);
			runOnlyForDeploymentPostprocessing = 0;
		};
/* End PBXSourcesBuildPhase section */

/* Begin PBXVariantGroup section */
		E048B3C42901449D00E8C885 /* Main.storyboard */ = {
			isa = PBXVariantGroup;
			children = (
				E048B3C52901449D00E8C885 /* Base */,
			);
			name = Main.storyboard;
			sourceTree = "<group>";
		};
		E048B3C92901449E00E8C885 /* LaunchScreen.storyboard */ = {
			isa = PBXVariantGroup;
			children = (
				E048B3CA2901449E00E8C885 /* Base */,
			);
			name = LaunchScreen.storyboard;
			sourceTree = "<group>";
		};
/* End PBXVariantGroup section */

/* Begin XCBuildConfiguration section */
		E048B3CD2901449E00E8C885 /* Debug */ = {
			isa = XCBuildConfiguration;
			buildSettings = {
				ALWAYS_SEARCH_USER_PATHS = NO;
				CLANG_ANALYZER_NONNULL = YES;
				CLANG_ANALYZER_NUMBER_OBJECT_CONVERSION = YES_AGGRESSIVE;
				CLANG_CXX_LANGUAGE_STANDARD = "gnu++20";
				CLANG_ENABLE_MODULES = YES;
				CLANG_ENABLE_OBJC_ARC = YES;
				CLANG_ENABLE_OBJC_WEAK = YES;
				CLANG_WARN_BLOCK_CAPTURE_AUTORELEASING = YES;
				CLANG_WARN_BOOL_CONVERSION = YES;
				CLANG_WARN_COMMA = YES;
				CLANG_WARN_CONSTANT_CONVERSION = YES;
				CLANG_WARN_DEPRECATED_OBJC_IMPLEMENTATIONS = YES;
				CLANG_WARN_DIRECT_OBJC_ISA_USAGE = YES_ERROR;
				CLANG_WARN_DOCUMENTATION_COMMENTS = YES;
				CLANG_WARN_EMPTY_BODY = YES;
				CLANG_WARN_ENUM_CONVERSION = YES;
				CLANG_WARN_INFINITE_RECURSION = YES;
				CLANG_WARN_INT_CONVERSION = YES;
				CLANG_WARN_NON_LITERAL_NULL_CONVERSION = YES;
				CLANG_WARN_OBJC_IMPLICIT_RETAIN_SELF = YES;
				CLANG_WARN_OBJC_LITERAL_CONVERSION = YES;
				CLANG_WARN_OBJC_ROOT_CLASS = YES_ERROR;
				CLANG_WARN_QUOTED_INCLUDE_IN_FRAMEWORK_HEADER = YES;
				CLANG_WARN_RANGE_LOOP_ANALYSIS = YES;
				CLANG_WARN_STRICT_PROTOTYPES = YES;
				CLANG_WARN_SUSPICIOUS_MOVE = YES;
				CLANG_WARN_UNGUARDED_AVAILABILITY = YES_AGGRESSIVE;
				CLANG_WARN_UNREACHABLE_CODE = YES;
				CLANG_WARN__DUPLICATE_METHOD_MATCH = YES;
				COPY_PHASE_STRIP = NO;
				DEBUG_INFORMATION_FORMAT = dwarf;
				ENABLE_STRICT_OBJC_MSGSEND = YES;
				ENABLE_TESTABILITY = YES;
				GCC_C_LANGUAGE_STANDARD = gnu11;
				GCC_DYNAMIC_NO_PIC = NO;
				GCC_NO_COMMON_BLOCKS = YES;
				GCC_OPTIMIZATION_LEVEL = 0;
				GCC_PREPROCESSOR_DEFINITIONS = (
					"DEBUG=1",
					"$(inherited)",
				);
				GCC_WARN_64_TO_32_BIT_CONVERSION = YES;
				GCC_WARN_ABOUT_RETURN_TYPE = YES_ERROR;
				GCC_WARN_UNDECLARED_SELECTOR = YES;
				GCC_WARN_UNINITIALIZED_AUTOS = YES_AGGRESSIVE;
				GCC_WARN_UNUSED_FUNCTION = YES;
				GCC_WARN_UNUSED_VARIABLE = YES;
				IPHONEOS_DEPLOYMENT_TARGET = 16.0;
				MTL_ENABLE_DEBUG_INFO = INCLUDE_SOURCE;
				MTL_FAST_MATH = YES;
				ONLY_ACTIVE_ARCH = YES;
				SDKROOT = iphoneos;
				SWIFT_ACTIVE_COMPILATION_CONDITIONS = DEBUG;
				SWIFT_OPTIMIZATION_LEVEL = "-Onone";
			};
			name = Debug;
		};
		E048B3CE2901449E00E8C885 /* Release */ = {
			isa = XCBuildConfiguration;
			buildSettings = {
				ALWAYS_SEARCH_USER_PATHS = NO;
				CLANG_ANALYZER_NONNULL = YES;
				CLANG_ANALYZER_NUMBER_OBJECT_CONVERSION = YES_AGGRESSIVE;
				CLANG_CXX_LANGUAGE_STANDARD = "gnu++20";
				CLANG_ENABLE_MODULES = YES;
				CLANG_ENABLE_OBJC_ARC = YES;
				CLANG_ENABLE_OBJC_WEAK = YES;
				CLANG_WARN_BLOCK_CAPTURE_AUTORELEASING = YES;
				CLANG_WARN_BOOL_CONVERSION = YES;
				CLANG_WARN_COMMA = YES;
				CLANG_WARN_CONSTANT_CONVERSION = YES;
				CLANG_WARN_DEPRECATED_OBJC_IMPLEMENTATIONS = YES;
				CLANG_WARN_DIRECT_OBJC_ISA_USAGE = YES_ERROR;
				CLANG_WARN_DOCUMENTATION_COMMENTS = YES;
				CLANG_WARN_EMPTY_BODY = YES;
				CLANG_WARN_ENUM_CONVERSION = YES;
				CLANG_WARN_INFINITE_RECURSION = YES;
				CLANG_WARN_INT_CONVERSION = YES;
				CLANG_WARN_NON_LITERAL_NULL_CONVERSION = YES;
				CLANG_WARN_OBJC_IMPLICIT_RETAIN_SELF = YES;
				CLANG_WARN_OBJC_LITERAL_CONVERSION = YES;
				CLANG_WARN_OBJC_ROOT_CLASS = YES_ERROR;
				CLANG_WARN_QUOTED_INCLUDE_IN_FRAMEWORK_HEADER = YES;
				CLANG_WARN_RANGE_LOOP_ANALYSIS = YES;
				CLANG_WARN_STRICT_PROTOTYPES = YES;
				CLANG_WARN_SUSPICIOUS_MOVE = YES;
				CLANG_WARN_UNGUARDED_AVAILABILITY = YES_AGGRESSIVE;
				CLANG_WARN_UNREACHABLE_CODE = YES;
				CLANG_WARN__DUPLICATE_METHOD_MATCH = YES;
				COPY_PHASE_STRIP = NO;
				DEBUG_INFORMATION_FORMAT = "dwarf-with-dsym";
				ENABLE_NS_ASSERTIONS = NO;
				ENABLE_STRICT_OBJC_MSGSEND = YES;
				GCC_C_LANGUAGE_STANDARD = gnu11;
				GCC_NO_COMMON_BLOCKS = YES;
				GCC_WARN_64_TO_32_BIT_CONVERSION = YES;
				GCC_WARN_ABOUT_RETURN_TYPE = YES_ERROR;
				GCC_WARN_UNDECLARED_SELECTOR = YES;
				GCC_WARN_UNINITIALIZED_AUTOS = YES_AGGRESSIVE;
				GCC_WARN_UNUSED_FUNCTION = YES;
				GCC_WARN_UNUSED_VARIABLE = YES;
				IPHONEOS_DEPLOYMENT_TARGET = 16.0;
				MTL_ENABLE_DEBUG_INFO = NO;
				MTL_FAST_MATH = YES;
				SDKROOT = iphoneos;
				SWIFT_COMPILATION_MODE = wholemodule;
				SWIFT_OPTIMIZATION_LEVEL = "-O";
				VALIDATE_PRODUCT = YES;
			};
			name = Release;
		};
		E048B3D02901449E00E8C885 /* Debug */ = {
			isa = XCBuildConfiguration;
			buildSettings = {
				ASSETCATALOG_COMPILER_APPICON_NAME = AppIcon;
				ASSETCATALOG_COMPILER_GLOBAL_ACCENT_COLOR_NAME = AccentColor;
				CODE_SIGN_STYLE = Automatic;
				CURRENT_PROJECT_VERSION = 1;
				DEVELOPMENT_TEAM = 7A8HJKU9L3;
				GENERATE_INFOPLIST_FILE = YES;
				INFOPLIST_FILE = Rx_MVVM_Calculator/Info.plist;
				INFOPLIST_KEY_UIApplicationSupportsIndirectInputEvents = YES;
				INFOPLIST_KEY_UILaunchStoryboardName = LaunchScreen;
				INFOPLIST_KEY_UIMainStoryboardFile = Main;
				INFOPLIST_KEY_UISupportedInterfaceOrientations_iPad = "UIInterfaceOrientationPortrait UIInterfaceOrientationPortraitUpsideDown UIInterfaceOrientationLandscapeLeft UIInterfaceOrientationLandscapeRight";
				INFOPLIST_KEY_UISupportedInterfaceOrientations_iPhone = "UIInterfaceOrientationPortrait UIInterfaceOrientationLandscapeLeft UIInterfaceOrientationLandscapeRight";
				LD_RUNPATH_SEARCH_PATHS = (
					"$(inherited)",
					"@executable_path/Frameworks",
				);
				MARKETING_VERSION = 1.0;
				PRODUCT_BUNDLE_IDENTIFIER = "com.hertz.Rx-MVVM-Calculator";
				PRODUCT_NAME = "$(TARGET_NAME)";
				SWIFT_EMIT_LOC_STRINGS = YES;
				SWIFT_VERSION = 5.0;
				TARGETED_DEVICE_FAMILY = "1,2";
			};
			name = Debug;
		};
		E048B3D12901449E00E8C885 /* Release */ = {
			isa = XCBuildConfiguration;
			buildSettings = {
				ASSETCATALOG_COMPILER_APPICON_NAME = AppIcon;
				ASSETCATALOG_COMPILER_GLOBAL_ACCENT_COLOR_NAME = AccentColor;
				CODE_SIGN_STYLE = Automatic;
				CURRENT_PROJECT_VERSION = 1;
				DEVELOPMENT_TEAM = 7A8HJKU9L3;
				GENERATE_INFOPLIST_FILE = YES;
				INFOPLIST_FILE = Rx_MVVM_Calculator/Info.plist;
				INFOPLIST_KEY_UIApplicationSupportsIndirectInputEvents = YES;
				INFOPLIST_KEY_UILaunchStoryboardName = LaunchScreen;
				INFOPLIST_KEY_UIMainStoryboardFile = Main;
				INFOPLIST_KEY_UISupportedInterfaceOrientations_iPad = "UIInterfaceOrientationPortrait UIInterfaceOrientationPortraitUpsideDown UIInterfaceOrientationLandscapeLeft UIInterfaceOrientationLandscapeRight";
				INFOPLIST_KEY_UISupportedInterfaceOrientations_iPhone = "UIInterfaceOrientationPortrait UIInterfaceOrientationLandscapeLeft UIInterfaceOrientationLandscapeRight";
				LD_RUNPATH_SEARCH_PATHS = (
					"$(inherited)",
					"@executable_path/Frameworks",
				);
				MARKETING_VERSION = 1.0;
				PRODUCT_BUNDLE_IDENTIFIER = "com.hertz.Rx-MVVM-Calculator";
				PRODUCT_NAME = "$(TARGET_NAME)";
				SWIFT_EMIT_LOC_STRINGS = YES;
				SWIFT_VERSION = 5.0;
				TARGETED_DEVICE_FAMILY = "1,2";
			};
			name = Release;
		};
/* End XCBuildConfiguration section */

/* Begin XCConfigurationList section */
		E048B3B62901449D00E8C885 /* Build configuration list for PBXProject "Rx_MVVM_Calculator" */ = {
			isa = XCConfigurationList;
			buildConfigurations = (
				E048B3CD2901449E00E8C885 /* Debug */,
				E048B3CE2901449E00E8C885 /* Release */,
			);
			defaultConfigurationIsVisible = 0;
			defaultConfigurationName = Release;
		};
		E048B3CF2901449E00E8C885 /* Build configuration list for PBXNativeTarget "Rx_MVVM_Calculator" */ = {
			isa = XCConfigurationList;
			buildConfigurations = (
				E048B3D02901449E00E8C885 /* Debug */,
				E048B3D12901449E00E8C885 /* Release */,
			);
			defaultConfigurationIsVisible = 0;
			defaultConfigurationName = Release;
		};
/* End XCConfigurationList section */

/* Begin XCRemoteSwiftPackageReference section */
		E048B3DF2901487800E8C885 /* XCRemoteSwiftPackageReference "RxSwift" */ = {
			isa = XCRemoteSwiftPackageReference;
			repositoryURL = "https://github.com/ReactiveX/RxSwift.git";
			requirement = {
				branch = main;
				kind = branch;
			};
		};
/* End XCRemoteSwiftPackageReference section */

/* Begin XCSwiftPackageProductDependency section */
		E048B3E02901487800E8C885 /* RxCocoa */ = {
			isa = XCSwiftPackageProductDependency;
			package = E048B3DF2901487800E8C885 /* XCRemoteSwiftPackageReference "RxSwift" */;
			productName = RxCocoa;
		};
		E048B3E22901487800E8C885 /* RxRelay */ = {
			isa = XCSwiftPackageProductDependency;
			package = E048B3DF2901487800E8C885 /* XCRemoteSwiftPackageReference "RxSwift" */;
			productName = RxRelay;
		};
		E048B3E42901487800E8C885 /* RxSwift */ = {
			isa = XCSwiftPackageProductDependency;
			package = E048B3DF2901487800E8C885 /* XCRemoteSwiftPackageReference "RxSwift" */;
			productName = RxSwift;
		};
/* End XCSwiftPackageProductDependency section */
	};
	rootObject = E048B3B32901449D00E8C885 /* Project object */;
}
